PODS:
  - Flutter (1.0.0)
  - flutter_native_text_input (0.0.1):
    - Flutter

DEPENDENCIES:
  - Flutter (from `.symlinks/flutter/ios`)
  - flutter_native_text_input (from `.symlinks/plugins/flutter_native_text_input/ios`)

EXTERNAL SOURCES:
  Flutter:
    :path: ".symlinks/flutter/ios"
  flutter_native_text_input:
    :path: ".symlinks/plugins/flutter_native_text_input/ios"

SPEC CHECKSUMS:
  Flutter: 0e3d915762c693b495b44d77113d4970485de6ec
  flutter_native_text_input: 23447c3f8cd67b956841cf744f2f993380355e8a

PODFILE CHECKSUM: aff02bfeed411c636180d6812254b2daeea14d09

COCOAPODS: 1.9.3
