PODS:
  - Flutter (1.0.0)
  - flutter_native_text_input (0.1.2):
    - Flutter

DEPENDENCIES:
  - Flutter (from `.symlinks/flutter/ios`)
  - flutter_native_text_input (from `.symlinks/plugins/flutter_native_text_input/ios`)

EXTERNAL SOURCES:
  Flutter:
    :path: ".symlinks/flutter/ios"
  flutter_native_text_input:
    :path: ".symlinks/plugins/flutter_native_text_input/ios"

SPEC CHECKSUMS:
  Flutter: 0e3d915762c693b495b44d77113d4970485de6ec
  flutter_native_text_input: f15eaeb5c7428dc4047694d2f8a8bcb23f8bf41f

PODFILE CHECKSUM: aff02bfeed411c636180d6812254b2daeea14d09

COCOAPODS: 1.10.0
